{
    "_meta": {
        "hash": {
            "sha256": "91aa3ae2b87632c5a25c5e6529ad9d88190904f432fd1f0f8f9ac93def1dd560"
        },
        "pipfile-spec": 6,
        "requires": {
            "python_version": "3.11"
        },
        "sources": [
            {
                "name": "pypi",
                "url": "https://pypi.org/simple",
                "verify_ssl": true
            }
        ]
    },
    "default": {
        "pyqt6": {
            "hashes": [
                "sha256:2b0d9628134811fbfc988d1757111ca8e25cb697f136fa54c969fb1a4d4a61d1",
                "sha256:6f3d232fe2abb02689d23a83f9629ccca6d57a36384688cd6411700ff5cf43f2",
                "sha256:952ba3b50c10f61289ea74db4c7a616170219959ac5300e0d9ec5427a27e95c7",
                "sha256:99ea0e68f548509b7ef97cded0feeaf3dca7d1fe719388569407326be3be38c2",
                "sha256:b3f2bf611e7f09c25f5decb82fc27bbe63fcc498e63bf11d17e23916d716c805",
                "sha256:b97cb4be9b2c8997904ea668cf3b0a4ae5822196f7792590d05ecde6216a9fbc",
                "sha256:e3c8289d9a509be897265981b77eb29e64ce29e9d221fdf52545c2c95e819c9b"
            ],
            "index": "pypi",
            "version": "==6.5.0"
        },
        "pyqt6-qt6": {
            "hashes": [
                "sha256:1178fcd5e9590fec4261e06a753a8fa028222ec0bd9a0788b3bd37720fbbe6cf",
                "sha256:5f40ef19eb632731828283361f800928517650c74c914c093af9a364d6843953",
                "sha256:8c1f898f4d02a31615fe7613a38f82b489fb2c8554965c917d551470731635a8",
                "sha256:9d82d8af986a0eef55905f309fdda4303d1354eba10175824ae62ab6547f7a96"
            ],
            "version": "==6.5.0"
        },
        "pyqt6-sip": {
            "hashes": [
                "sha256:08b69898aab0fcc73661b212d434f9e9eb50319481bc2ac3aaf1ac06bc9feca6",
                "sha256:18c0e75e6ebd91dc96dbc6290f044ec37e764890ef2182c82b99ea5b655ea466",
                "sha256:1e7bb3e45e57dfdb9437043d99b7cb797707e7f2475d122928b13688458f94b7",
                "sha256:2a15f080a994936ed182f4a81343baa19bac9063ec6efc0a93d026f5cfc95ace",
                "sha256:4b2e70d21069fe6e20bf22de1de2985e064e00d1368e0a171ce38824be4339ab",
                "sha256:52931307cf06c5ac992df2877e899f8b8ba72464e2828fe442b18fd51c7bf787",
                "sha256:5e8fdb0821c0c556d2a34db1229d4bd711499a1102241b1b9fcf1ee34f87e564",
                "sha256:a867601c38acc9b0c7f9aab4f96d9ec8cbedfcd5ae245f82a9c1c48f352413e4",
                "sha256:ad802005e68bb9bb6f869b7f904c73d7c7793d11b83d317c33ff6b0c163d785f",
                "sha256:c3e2f155f92f96d73c680caf3d87f4f9f9aaf6487c125ecbe7140daad7d87245",
                "sha256:c71d303ff654ad947d8c0cb5ebfde9a59390aac52eb695a775234a08bee8f44e",
                "sha256:d1e9141752966669576d04b37ba0b122abbc41cc9c35493751028d7d91c4dd49",
                "sha256:d79957dd0c0ea1a17f0846806ea203dce827df6a9dcd93ebfe98fdd6186d9ecc",
                "sha256:d90dfec64c35c91644a3e32d3e5680cdee549d00245ea7252cb6298797f9bcef",
                "sha256:e0d715bb5b86eb8f09d84b2b4400df7e4c96ef730801bc145a1c23be79f39fac",
                "sha256:f7b4e3cad598afd9b50a32732007184141b400769d425cae86f4e702cbc882b3"
            ],
            "markers": "python_version >= '3.7'",
            "version": "==13.5.1"
        }
    },
    "develop": {}
}
